
Microsoft Visual Studio Solution File, Format Version 12.00
# Visual Studio 15
Project("{FAE04EC0-301F-11D3-BF4B-00C04F79EFBC}") = "Assembly-CSharp", "Assembly-CSharp.csproj", "{460ECD95-E0E3-A81C-162A-61DC16DC6E03}"
EndProject
Project("{FAE04EC0-301F-11D3-BF4B-00C04F79EFBC}") = "Assembly-CSharp-firstpass", "Assembly-CSharp-firstpass.csproj", "{EFAB5731-0232-CBC1-AC60-027802C822E1}"
EndProject
Project("{FAE04EC0-301F-11D3-BF4B-00C04F79EFBC}") = "Assembly-CSharp-Editor-firstpass", "Assembly-CSharp-Editor-firstpass.csproj", "{7C0DA445-1BD5-30D7-28E0-F4E17B9A55A5}"
EndProject
Project("{FAE04EC0-301F-11D3-BF4B-00C04F79EFBC}") = "Assembly-CSharp-Editor", "Assembly-CSharp-Editor.csproj", "{A44A179B-2903-61BF-DD59-C4D791350B43}"
EndProject
Global
	GlobalSection(SolutionConfigurationPlatforms) = preSolution
		Debug|Any CPU = Debug|Any CPU
		Release|Any CPU = Release|Any CPU
	EndGlobalSection
	GlobalSection(ProjectConfigurationPlatforms) = postSolution
		{460ECD95-E0E3-A81C-162A-61DC16DC6E03}.Debug|Any CPU.ActiveCfg = Debug|Any CPU
		{460ECD95-E0E3-A81C-162A-61DC16DC6E03}.Debug|Any CPU.Build.0 = Debug|Any CPU
		{460ECD95-E0E3-A81C-162A-61DC16DC6E03}.Release|Any CPU.ActiveCfg = Release|Any CPU
		{460ECD95-E0E3-A81C-162A-61DC16DC6E03}.Release|Any CPU.Build.0 = Release|Any CPU
		{EFAB5731-0232-CBC1-AC60-027802C822E1}.Debug|Any CPU.ActiveCfg = Debug|Any CPU
		{EFAB5731-0232-CBC1-AC60-027802C822E1}.Debug|Any CPU.Build.0 = Debug|Any CPU
		{EFAB5731-0232-CBC1-AC60-027802C822E1}.Release|Any CPU.ActiveCfg = Release|Any CPU
		{EFAB5731-0232-CBC1-AC60-027802C822E1}.Release|Any CPU.Build.0 = Release|Any CPU
		{7C0DA445-1BD5-30D7-28E0-F4E17B9A55A5}.Debug|Any CPU.ActiveCfg = Debug|Any CPU
		{7C0DA445-1BD5-30D7-28E0-F4E17B9A55A5}.Debug|Any CPU.Build.0 = Debug|Any CPU
		{7C0DA445-1BD5-30D7-28E0-F4E17B9A55A5}.Release|Any CPU.ActiveCfg = Release|Any CPU
		{7C0DA445-1BD5-30D7-28E0-F4E17B9A55A5}.Release|Any CPU.Build.0 = Release|Any CPU
		{A44A179B-2903-61BF-DD59-C4D791350B43}.Debug|Any CPU.ActiveCfg = Debug|Any CPU
		{A44A179B-2903-61BF-DD59-C4D791350B43}.Debug|Any CPU.Build.0 = Debug|Any CPU
		{A44A179B-2903-61BF-DD59-C4D791350B43}.Release|Any CPU.ActiveCfg = Release|Any CPU
		{A44A179B-2903-61BF-DD59-C4D791350B43}.Release|Any CPU.Build.0 = Release|Any CPU
	EndGlobalSection
	GlobalSection(SolutionProperties) = preSolution
		HideSolutionNode = FALSE
	EndGlobalSection
EndGlobal
